
Microsoft Visual Studio Solution File, Format Version 12.00
# Visual Studio Version 16
VisualStudioVersion = 25.0.1706.14
MinimumVisualStudioVersion = 10.0.40219.1
Project("{FAE04EC0-301F-11D3-BF4B-00C04F79EFBC}") = "event_uygulamasıı", "event_uygulamasıı.csproj", "{0715EFB8-D3F3-4033-9735-BB382C79DFAA}"
EndProject
Global
	GlobalSection(SolutionConfigurationPlatforms) = preSolution
		Debug|Any CPU = Debug|Any CPU
		Release|Any CPU = Release|Any CPU
	EndGlobalSection
	GlobalSection(ProjectConfigurationPlatforms) = postSolution
		{0715EFB8-D3F3-4033-9735-BB382C79DFAA}.Debug|Any CPU.ActiveCfg = Debug|Any CPU
		{0715EFB8-D3F3-4033-9735-BB382C79DFAA}.Debug|Any CPU.Build.0 = Debug|Any CPU
		{0715EFB8-D3F3-4033-9735-BB382C79DFAA}.Release|Any CPU.ActiveCfg = Release|Any CPU
		{0715EFB8-D3F3-4033-9735-BB382C79DFAA}.Release|Any CPU.Build.0 = Release|Any CPU
	EndGlobalSection
	GlobalSection(SolutionProperties) = preSolution
		HideSolutionNode = FALSE
	EndGlobalSection
	GlobalSection(ExtensibilityGlobals) = postSolution
		SolutionGuid = {039360FF-8270-4D12-9595-2309CA3E9985}
	EndGlobalSection
EndGlobal
